// !$*UTF8*$!
{
	archiveVersion = 1;
	classes = {
	};
	objectVersion = 46;
	objects = {

/* Begin PBXBuildFile section */
		4A782C7E184B8CFF0061995E /* Foundation.framework in Frameworks */ = {isa = PBXBuildFile; fileRef = 4A782C7D184B8CFF0061995E /* Foundation.framework */; };
		4A782C80184B8CFF0061995E /* CoreGraphics.framework in Frameworks */ = {isa = PBXBuildFile; fileRef = 4A782C7F184B8CFF0061995E /* CoreGraphics.framework */; };
		4A782C82184B8CFF0061995E /* UIKit.framework in Frameworks */ = {isa = PBXBuildFile; fileRef = 4A782C81184B8CFF0061995E /* UIKit.framework */; };
		4A782C88184B8CFF0061995E /* InfoPlist.strings in Resources */ = {isa = PBXBuildFile; fileRef = 4A782C86184B8CFF0061995E /* InfoPlist.strings */; };
		4A782C8A184B8CFF0061995E /* main.m in Sources */ = {isa = PBXBuildFile; fileRef = 4A782C89184B8CFF0061995E /* main.m */; };
		4A782C8E184B8CFF0061995E /* AppDelegate.m in Sources */ = {isa = PBXBuildFile; fileRef = 4A782C8D184B8CFF0061995E /* AppDelegate.m */; };
		4A782C90184B8CFF0061995E /* Images.xcassets in Resources */ = {isa = PBXBuildFile; fileRef = 4A782C8F184B8CFF0061995E /* Images.xcassets */; };
		4A782C97184B8CFF0061995E /* XCTest.framework in Frameworks */ = {isa = PBXBuildFile; fileRef = 4A782C96184B8CFF0061995E /* XCTest.framework */; };
		4A782C98184B8CFF0061995E /* Foundation.framework in Frameworks */ = {isa = PBXBuildFile; fileRef = 4A782C7D184B8CFF0061995E /* Foundation.framework */; };
		4A782C99184B8CFF0061995E /* UIKit.framework in Frameworks */ = {isa = PBXBuildFile; fileRef = 4A782C81184B8CFF0061995E /* UIKit.framework */; };
		4A782CA1184B8CFF0061995E /* InfoPlist.strings in Resources */ = {isa = PBXBuildFile; fileRef = 4A782C9F184B8CFF0061995E /* InfoPlist.strings */; };
		4A782CA3184B8CFF0061995E /* FYChartViewDemoTests.m in Sources */ = {isa = PBXBuildFile; fileRef = 4A782CA2184B8CFF0061995E /* FYChartViewDemoTests.m */; };
		4A782CAE184B8D480061995E /* ViewController.m in Sources */ = {isa = PBXBuildFile; fileRef = 4A782CAD184B8D480061995E /* ViewController.m */; };
		4A782CB2184B8DE30061995E /* FYChartView.m in Sources */ = {isa = PBXBuildFile; fileRef = 4A782CB1184B8DE30061995E /* FYChartView.m */; };
/* End PBXBuildFile section */

/* Begin PBXContainerItemProxy section */
		4A782C9A184B8CFF0061995E /* PBXContainerItemProxy */ = {
			isa = PBXContainerItemProxy;
			containerPortal = 4A782C72184B8CFF0061995E /* Project object */;
			proxyType = 1;
			remoteGlobalIDString = 4A782C79184B8CFF0061995E;
			remoteInfo = FYChartViewDemo;
		};
/* End PBXContainerItemProxy section */

/* Begin PBXFileReference section */
		4A782C7A184B8CFF0061995E /* FYChartViewDemo.app */ = {isa = PBXFileReference; explicitFileType = wrapper.application; includeInIndex = 0; path = FYChartViewDemo.app; sourceTree = BUILT_PRODUCTS_DIR; };
		4A782C7D184B8CFF0061995E /* Foundation.framework */ = {isa = PBXFileReference; lastKnownFileType = wrapper.framework; name = Foundation.framework; path = System/Library/Frameworks/Foundation.framework; sourceTree = SDKROOT; };
		4A782C7F184B8CFF0061995E /* CoreGraphics.framework */ = {isa = PBXFileReference; lastKnownFileType = wrapper.framework; name = CoreGraphics.framework; path = System/Library/Frameworks/CoreGraphics.framework; sourceTree = SDKROOT; };
		4A782C81184B8CFF0061995E /* UIKit.framework */ = {isa = PBXFileReference; lastKnownFileType = wrapper.framework; name = UIKit.framework; path = System/Library/Frameworks/UIKit.framework; sourceTree = SDKROOT; };
		4A782C85184B8CFF0061995E /* FYChartViewDemo-Info.plist */ = {isa = PBXFileReference; lastKnownFileType = text.plist.xml; path = "FYChartViewDemo-Info.plist"; sourceTree = "<group>"; };
		4A782C87184B8CFF0061995E /* en */ = {isa = PBXFileReference; lastKnownFileType = text.plist.strings; name = en; path = en.lproj/InfoPlist.strings; sourceTree = "<group>"; };
		4A782C89184B8CFF0061995E /* main.m */ = {isa = PBXFileReference; lastKnownFileType = sourcecode.c.objc; path = main.m; sourceTree = "<group>"; };
		4A782C8B184B8CFF0061995E /* FYChartViewDemo-Prefix.pch */ = {isa = PBXFileReference; lastKnownFileType = sourcecode.c.h; path = "FYChartViewDemo-Prefix.pch"; sourceTree = "<group>"; };
		4A782C8C184B8CFF0061995E /* AppDelegate.h */ = {isa = PBXFileReference; lastKnownFileType = sourcecode.c.h; path = AppDelegate.h; sourceTree = "<group>"; };
		4A782C8D184B8CFF0061995E /* AppDelegate.m */ = {isa = PBXFileReference; lastKnownFileType = sourcecode.c.objc; path = AppDelegate.m; sourceTree = "<group>"; };
		4A782C8F184B8CFF0061995E /* Images.xcassets */ = {isa = PBXFileReference; lastKnownFileType = folder.assetcatalog; path = Images.xcassets; sourceTree = "<group>"; };
		4A782C95184B8CFF0061995E /* FYChartViewDemoTests.xctest */ = {isa = PBXFileReference; explicitFileType = wrapper.cfbundle; includeInIndex = 0; path = FYChartViewDemoTests.xctest; sourceTree = BUILT_PRODUCTS_DIR; };
		4A782C96184B8CFF0061995E /* XCTest.framework */ = {isa = PBXFileReference; lastKnownFileType = wrapper.framework; name = XCTest.framework; path = Library/Frameworks/XCTest.framework; sourceTree = DEVELOPER_DIR; };
		4A782C9E184B8CFF0061995E /* FYChartViewDemoTests-Info.plist */ = {isa = PBXFileReference; lastKnownFileType = text.plist.xml; path = "FYChartViewDemoTests-Info.plist"; sourceTree = "<group>"; };
		4A782CA0184B8CFF0061995E /* en */ = {isa = PBXFileReference; lastKnownFileType = text.plist.strings; name = en; path = en.lproj/InfoPlist.strings; sourceTree = "<group>"; };
		4A782CA2184B8CFF0061995E /* FYChartViewDemoTests.m */ = {isa = PBXFileReference; lastKnownFileType = sourcecode.c.objc; path = FYChartViewDemoTests.m; sourceTree = "<group>"; };
		4A782CAC184B8D480061995E /* ViewController.h */ = {isa = PBXFileReference; fileEncoding = 4; lastKnownFileType = sourcecode.c.h; path = ViewController.h; sourceTree = "<group>"; };
		4A782CAD184B8D480061995E /* ViewController.m */ = {isa = PBXFileReference; fileEncoding = 4; lastKnownFileType = sourcecode.c.objc; path = ViewController.m; sourceTree = "<group>"; };
		4A782CB0184B8DE30061995E /* FYChartView.h */ = {isa = PBXFileReference; fileEncoding = 4; lastKnownFileType = sourcecode.c.h; path = FYChartView.h; sourceTree = "<group>"; };
		4A782CB1184B8DE30061995E /* FYChartView.m */ = {isa = PBXFileReference; fileEncoding = 4; lastKnownFileType = sourcecode.c.objc; path = FYChartView.m; sourceTree = "<group>"; };
/* End PBXFileReference section */

/* Begin PBXFrameworksBuildPhase section */
		4A782C77184B8CFF0061995E /* Frameworks */ = {
			isa = PBXFrameworksBuildPhase;
			buildActionMask = 2147483647;
			files = (
				4A782C80184B8CFF0061995E /* CoreGraphics.framework in Frameworks */,
				4A782C82184B8CFF0061995E /* UIKit.framework in Frameworks */,
				4A782C7E184B8CFF0061995E /* Foundation.framework in Frameworks */,
			);
			runOnlyForDeploymentPostprocessing = 0;
		};
		4A782C92184B8CFF0061995E /* Frameworks */ = {
			isa = PBXFrameworksBuildPhase;
			buildActionMask = 2147483647;
			files = (
				4A782C97184B8CFF0061995E /* XCTest.framework in Frameworks */,
				4A782C99184B8CFF0061995E /* UIKit.framework in Frameworks */,
				4A782C98184B8CFF0061995E /* Foundation.framework in Frameworks */,
			);
			runOnlyForDeploymentPostprocessing = 0;
		};
/* End PBXFrameworksBuildPhase section */

/* Begin PBXGroup section */
		4A782C71184B8CFF0061995E = {
			isa = PBXGroup;
			children = (
				4A782C83184B8CFF0061995E /* FYChartViewDemo */,
				4A782C9C184B8CFF0061995E /* FYChartViewDemoTests */,
				4A782C7C184B8CFF0061995E /* Frameworks */,
				4A782C7B184B8CFF0061995E /* Products */,
			);
			sourceTree = "<group>";
		};
		4A782C7B184B8CFF0061995E /* Products */ = {
			isa = PBXGroup;
			children = (
				4A782C7A184B8CFF0061995E /* FYChartViewDemo.app */,
				4A782C95184B8CFF0061995E /* FYChartViewDemoTests.xctest */,
			);
			name = Products;
			sourceTree = "<group>";
		};
		4A782C7C184B8CFF0061995E /* Frameworks */ = {
			isa = PBXGroup;
			children = (
				4A782C7D184B8CFF0061995E /* Foundation.framework */,
				4A782C7F184B8CFF0061995E /* CoreGraphics.framework */,
				4A782C81184B8CFF0061995E /* UIKit.framework */,
				4A782C96184B8CFF0061995E /* XCTest.framework */,
			);
			name = Frameworks;
			sourceTree = "<group>";
		};
		4A782C83184B8CFF0061995E /* FYChartViewDemo */ = {
			isa = PBXGroup;
			children = (
				4A782CAF184B8DE30061995E /* FYChartView */,
				4A782C8C184B8CFF0061995E /* AppDelegate.h */,
				4A782C8D184B8CFF0061995E /* AppDelegate.m */,
				4A782C8F184B8CFF0061995E /* Images.xcassets */,
				4A782C84184B8CFF0061995E /* Supporting Files */,
				4A782CAC184B8D480061995E /* ViewController.h */,
				4A782CAD184B8D480061995E /* ViewController.m */,
			);
			path = FYChartViewDemo;
			sourceTree = "<group>";
		};
		4A782C84184B8CFF0061995E /* Supporting Files */ = {
			isa = PBXGroup;
			children = (
				4A782C85184B8CFF0061995E /* FYChartViewDemo-Info.plist */,
				4A782C86184B8CFF0061995E /* InfoPlist.strings */,
				4A782C89184B8CFF0061995E /* main.m */,
				4A782C8B184B8CFF0061995E /* FYChartViewDemo-Prefix.pch */,
			);
			name = "Supporting Files";
			sourceTree = "<group>";
		};
		4A782C9C184B8CFF0061995E /* FYChartViewDemoTests */ = {
			isa = PBXGroup;
			children = (
				4A782CA2184B8CFF0061995E /* FYChartViewDemoTests.m */,
				4A782C9D184B8CFF0061995E /* Supporting Files */,
			);
			path = FYChartViewDemoTests;
			sourceTree = "<group>";
		};
		4A782C9D184B8CFF0061995E /* Supporting Files */ = {
			isa = PBXGroup;
			children = (
				4A782C9E184B8CFF0061995E /* FYChartViewDemoTests-Info.plist */,
				4A782C9F184B8CFF0061995E /* InfoPlist.strings */,
			);
			name = "Supporting Files";
			sourceTree = "<group>";
		};
		4A782CAF184B8DE30061995E /* FYChartView */ = {
			isa = PBXGroup;
			children = (
				4A782CB0184B8DE30061995E /* FYChartView.h */,
				4A782CB1184B8DE30061995E /* FYChartView.m */,
			);
			path = FYChartView;
			sourceTree = "<group>";
		};
/* End PBXGroup section */

/* Begin PBXNativeTarget section */
		4A782C79184B8CFF0061995E /* FYChartViewDemo */ = {
			isa = PBXNativeTarget;
			buildConfigurationList = 4A782CA6184B8CFF0061995E /* Build configuration list for PBXNativeTarget "FYChartViewDemo" */;
			buildPhases = (
				4A782C76184B8CFF0061995E /* Sources */,
				4A782C77184B8CFF0061995E /* Frameworks */,
				4A782C78184B8CFF0061995E /* Resources */,
			);
			buildRules = (
			);
			dependencies = (
			);
			name = FYChartViewDemo;
			productName = FYChartViewDemo;
			productReference = 4A782C7A184B8CFF0061995E /* FYChartViewDemo.app */;
			productType = "com.apple.product-type.application";
		};
		4A782C94184B8CFF0061995E /* FYChartViewDemoTests */ = {
			isa = PBXNativeTarget;
			buildConfigurationList = 4A782CA9184B8CFF0061995E /* Build configuration list for PBXNativeTarget "FYChartViewDemoTests" */;
			buildPhases = (
				4A782C91184B8CFF0061995E /* Sources */,
				4A782C92184B8CFF0061995E /* Frameworks */,
				4A782C93184B8CFF0061995E /* Resources */,
			);
			buildRules = (
			);
			dependencies = (
				4A782C9B184B8CFF0061995E /* PBXTargetDependency */,
			);
			name = FYChartViewDemoTests;
			productName = FYChartViewDemoTests;
			productReference = 4A782C95184B8CFF0061995E /* FYChartViewDemoTests.xctest */;
			productType = "com.apple.product-type.bundle.unit-test";
		};
/* End PBXNativeTarget section */

/* Begin PBXProject section */
		4A782C72184B8CFF0061995E /* Project object */ = {
			isa = PBXProject;
			attributes = {
				LastUpgradeCheck = 0500;
				ORGANIZATIONNAME = zbflying;
				TargetAttributes = {
					4A782C94184B8CFF0061995E = {
						TestTargetID = 4A782C79184B8CFF0061995E;
					};
				};
			};
			buildConfigurationList = 4A782C75184B8CFF0061995E /* Build configuration list for PBXProject "FYChartViewDemo" */;
			compatibilityVersion = "Xcode 3.2";
			developmentRegion = English;
			hasScannedForEncodings = 0;
			knownRegions = (
				en,
			);
			mainGroup = 4A782C71184B8CFF0061995E;
			productRefGroup = 4A782C7B184B8CFF0061995E /* Products */;
			projectDirPath = "";
			projectRoot = "";
			targets = (
				4A782C79184B8CFF0061995E /* FYChartViewDemo */,
				4A782C94184B8CFF0061995E /* FYChartViewDemoTests */,
			);
		};
/* End PBXProject section */

/* Begin PBXResourcesBuildPhase section */
		4A782C78184B8CFF0061995E /* Resources */ = {
			isa = PBXResourcesBuildPhase;
			buildActionMask = 2147483647;
			files = (
				4A782C88184B8CFF0061995E /* InfoPlist.strings in Resources */,
				4A782C90184B8CFF0061995E /* Images.xcassets in Resources */,
			);
			runOnlyForDeploymentPostprocessing = 0;
		};
		4A782C93184B8CFF0061995E /* Resources */ = {
			isa = PBXResourcesBuildPhase;
			buildActionMask = 2147483647;
			files = (
				4A782CA1184B8CFF0061995E /* InfoPlist.strings in Resources */,
			);
			runOnlyForDeploymentPostprocessing = 0;
		};
/* End PBXResourcesBuildPhase section */

/* Begin PBXSourcesBuildPhase section */
		4A782C76184B8CFF0061995E /* Sources */ = {
			isa = PBXSourcesBuildPhase;
			buildActionMask = 2147483647;
			files = (
				4A782CB2184B8DE30061995E /* FYChartView.m in Sources */,
				4A782CAE184B8D480061995E /* ViewController.m in Sources */,
				4A782C8E184B8CFF0061995E /* AppDelegate.m in Sources */,
				4A782C8A184B8CFF0061995E /* main.m in Sources */,
			);
			runOnlyForDeploymentPostprocessing = 0;
		};
		4A782C91184B8CFF0061995E /* Sources */ = {
			isa = PBXSourcesBuildPhase;
			buildActionMask = 2147483647;
			files = (
				4A782CA3184B8CFF0061995E /* FYChartViewDemoTests.m in Sources */,
			);
			runOnlyForDeploymentPostprocessing = 0;
		};
/* End PBXSourcesBuildPhase section */

/* Begin PBXTargetDependency section */
		4A782C9B184B8CFF0061995E /* PBXTargetDependency */ = {
			isa = PBXTargetDependency;
			target = 4A782C79184B8CFF0061995E /* FYChartViewDemo */;
			targetProxy = 4A782C9A184B8CFF0061995E /* PBXContainerItemProxy */;
		};
/* End PBXTargetDependency section */

/* Begin PBXVariantGroup section */
		4A782C86184B8CFF0061995E /* InfoPlist.strings */ = {
			isa = PBXVariantGroup;
			children = (
				4A782C87184B8CFF0061995E /* en */,
			);
			name = InfoPlist.strings;
			sourceTree = "<group>";
		};
		4A782C9F184B8CFF0061995E /* InfoPlist.strings */ = {
			isa = PBXVariantGroup;
			children = (
				4A782CA0184B8CFF0061995E /* en */,
			);
			name = InfoPlist.strings;
			sourceTree = "<group>";
		};
/* End PBXVariantGroup section */

/* Begin XCBuildConfiguration section */
		4A782CA4184B8CFF0061995E /* Debug */ = {
			isa = XCBuildConfiguration;
			buildSettings = {
				ALWAYS_SEARCH_USER_PATHS = NO;
				ARCHS = "$(ARCHS_STANDARD_INCLUDING_64_BIT)";
				CLANG_CXX_LANGUAGE_STANDARD = "gnu++0x";
				CLANG_CXX_LIBRARY = "libc++";
				CLANG_ENABLE_MODULES = YES;
				CLANG_ENABLE_OBJC_ARC = YES;
				CLANG_WARN_BOOL_CONVERSION = YES;
				CLANG_WARN_CONSTANT_CONVERSION = YES;
				CLANG_WARN_DIRECT_OBJC_ISA_USAGE = YES_ERROR;
				CLANG_WARN_EMPTY_BODY = YES;
				CLANG_WARN_ENUM_CONVERSION = YES;
				CLANG_WARN_INT_CONVERSION = YES;
				CLANG_WARN_OBJC_ROOT_CLASS = YES_ERROR;
				CLANG_WARN__DUPLICATE_METHOD_MATCH = YES;
				"CODE_SIGN_IDENTITY[sdk=iphoneos*]" = "iPhone Developer";
				COPY_PHASE_STRIP = NO;
				GCC_C_LANGUAGE_STANDARD = gnu99;
				GCC_DYNAMIC_NO_PIC = NO;
				GCC_OPTIMIZATION_LEVEL = 0;
				GCC_PREPROCESSOR_DEFINITIONS = (
					"DEBUG=1",
					"$(inherited)",
				);
				GCC_SYMBOLS_PRIVATE_EXTERN = NO;
				GCC_WARN_64_TO_32_BIT_CONVERSION = YES;
				GCC_WARN_ABOUT_RETURN_TYPE = YES_ERROR;
				GCC_WARN_UNDECLARED_SELECTOR = YES;
				GCC_WARN_UNINITIALIZED_AUTOS = YES;
				GCC_WARN_UNUSED_FUNCTION = YES;
				GCC_WARN_UNUSED_VARIABLE = YES;
				IPHONEOS_DEPLOYMENT_TARGET = 6.0;
				ONLY_ACTIVE_ARCH = YES;
				SDKROOT = iphoneos;
			};
			name = Debug;
		};
		4A782CA5184B8CFF0061995E /* Release */ = {
			isa = XCBuildConfiguration;
			buildSettings = {
				ALWAYS_SEARCH_USER_PATHS = NO;
				ARCHS = "$(ARCHS_STANDARD_INCLUDING_64_BIT)";
				CLANG_CXX_LANGUAGE_STANDARD = "gnu++0x";
				CLANG_CXX_LIBRARY = "libc++";
				CLANG_ENABLE_MODULES = YES;
				CLANG_ENABLE_OBJC_ARC = YES;
				CLANG_WARN_BOOL_CONVERSION = YES;
				CLANG_WARN_CONSTANT_CONVERSION = YES;
				CLANG_WARN_DIRECT_OBJC_ISA_USAGE = YES_ERROR;
				CLANG_WARN_EMPTY_BODY = YES;
				CLANG_WARN_ENUM_CONVERSION = YES;
				CLANG_WARN_INT_CONVERSION = YES;
				CLANG_WARN_OBJC_ROOT_CLASS = YES_ERROR;
				CLANG_WARN__DUPLICATE_METHOD_MATCH = YES;
				"CODE_SIGN_IDENTITY[sdk=iphoneos*]" = "iPhone Developer";
				COPY_PHASE_STRIP = YES;
				ENABLE_NS_ASSERTIONS = NO;
				GCC_C_LANGUAGE_STANDARD = gnu99;
				GCC_WARN_64_TO_32_BIT_CONVERSION = YES;
				GCC_WARN_ABOUT_RETURN_TYPE = YES_ERROR;
				GCC_WARN_UNDECLARED_SELECTOR = YES;
				GCC_WARN_UNINITIALIZED_AUTOS = YES;
				GCC_WARN_UNUSED_FUNCTION = YES;
				GCC_WARN_UNUSED_VARIABLE = YES;
				IPHONEOS_DEPLOYMENT_TARGET = 6.0;
				SDKROOT = iphoneos;
				VALIDATE_PRODUCT = YES;
			};
			name = Release;
		};
		4A782CA7184B8CFF0061995E /* Debug */ = {
			isa = XCBuildConfiguration;
			buildSettings = {
				ASSETCATALOG_COMPILER_APPICON_NAME = AppIcon;
				ASSETCATALOG_COMPILER_LAUNCHIMAGE_NAME = LaunchImage;
				CLANG_ENABLE_OBJC_ARC = NO;
				GCC_PRECOMPILE_PREFIX_HEADER = YES;
				GCC_PREFIX_HEADER = "FYChartViewDemo/FYChartViewDemo-Prefix.pch";
				INFOPLIST_FILE = "FYChartViewDemo/FYChartViewDemo-Info.plist";
				PRODUCT_NAME = "$(TARGET_NAME)";
				WRAPPER_EXTENSION = app;
			};
			name = Debug;
		};
		4A782CA8184B8CFF0061995E /* Release */ = {
			isa = XCBuildConfiguration;
			buildSettings = {
				ASSETCATALOG_COMPILER_APPICON_NAME = AppIcon;
				ASSETCATALOG_COMPILER_LAUNCHIMAGE_NAME = LaunchImage;
				CLANG_ENABLE_OBJC_ARC = NO;
				GCC_PRECOMPILE_PREFIX_HEADER = YES;
				GCC_PREFIX_HEADER = "FYChartViewDemo/FYChartViewDemo-Prefix.pch";
				INFOPLIST_FILE = "FYChartViewDemo/FYChartViewDemo-Info.plist";
				PRODUCT_NAME = "$(TARGET_NAME)";
				WRAPPER_EXTENSION = app;
			};
			name = Release;
		};
		4A782CAA184B8CFF0061995E /* Debug */ = {
			isa = XCBuildConfiguration;
			buildSettings = {
				ARCHS = "$(ARCHS_STANDARD_INCLUDING_64_BIT)";
				BUNDLE_LOADER = "$(BUILT_PRODUCTS_DIR)/FYChartViewDemo.app/FYChartViewDemo";
				FRAMEWORK_SEARCH_PATHS = (
					"$(SDKROOT)/Developer/Library/Frameworks",
					"$(inherited)",
					"$(DEVELOPER_FRAMEWORKS_DIR)",
				);
				GCC_PRECOMPILE_PREFIX_HEADER = YES;
				GCC_PREFIX_HEADER = "FYChartViewDemo/FYChartViewDemo-Prefix.pch";
				GCC_PREPROCESSOR_DEFINITIONS = (
					"DEBUG=1",
					"$(inherited)",
				);
				INFOPLIST_FILE = "FYChartViewDemoTests/FYChartViewDemoTests-Info.plist";
				PRODUCT_NAME = "$(TARGET_NAME)";
				TEST_HOST = "$(BUNDLE_LOADER)";
				WRAPPER_EXTENSION = xctest;
			};
			name = Debug;
		};
		4A782CAB184B8CFF0061995E /* Release */ = {
			isa = XCBuildConfiguration;
			buildSettings = {
				ARCHS = "$(ARCHS_STANDARD_INCLUDING_64_BIT)";
				BUNDLE_LOADER = "$(BUILT_PRODUCTS_DIR)/FYChartViewDemo.app/FYChartViewDemo";
				FRAMEWORK_SEARCH_PATHS = (
					"$(SDKROOT)/Developer/Library/Frameworks",
					"$(inherited)",
					"$(DEVELOPER_FRAMEWORKS_DIR)",
				);
				GCC_PRECOMPILE_PREFIX_HEADER = YES;
				GCC_PREFIX_HEADER = "FYChartViewDemo/FYChartViewDemo-Prefix.pch";
				INFOPLIST_FILE = "FYChartViewDemoTests/FYChartViewDemoTests-Info.plist";
				PRODUCT_NAME = "$(TARGET_NAME)";
				TEST_HOST = "$(BUNDLE_LOADER)";
				WRAPPER_EXTENSION = xctest;
			};
			name = Release;
		};
/* End XCBuildConfiguration section */

/* Begin XCConfigurationList section */
		4A782C75184B8CFF0061995E /* Build configuration list for PBXProject "FYChartViewDemo" */ = {
			isa = XCConfigurationList;
			buildConfigurations = (
				4A782CA4184B8CFF0061995E /* Debug */,
				4A782CA5184B8CFF0061995E /* Release */,
			);
			defaultConfigurationIsVisible = 0;
			defaultConfigurationName = Release;
		};
		4A782CA6184B8CFF0061995E /* Build configuration list for PBXNativeTarget "FYChartViewDemo" */ = {
			isa = XCConfigurationList;
			buildConfigurations = (
				4A782CA7184B8CFF0061995E /* Debug */,
				4A782CA8184B8CFF0061995E /* Release */,
			);
			defaultConfigurationIsVisible = 0;
		};
		4A782CA9184B8CFF0061995E /* Build configuration list for PBXNativeTarget "FYChartViewDemoTests" */ = {
			isa = XCConfigurationList;
			buildConfigurations = (
				4A782CAA184B8CFF0061995E /* Debug */,
				4A782CAB184B8CFF0061995E /* Release */,
			);
			defaultConfigurationIsVisible = 0;
		};
/* End XCConfigurationList section */
	};
	rootObject = 4A782C72184B8CFF0061995E /* Project object */;
}
